
Microsoft Visual Studio Solution File, Format Version 12.00
Project("{FAE04EC0-301F-11D3-BF4B-00C04F79EFBC}") = "Gateway.WebApi", "Gateway.WebApi\Gateway.WebApi.csproj", "{F91DA3A3-CBAC-4122-8602-FA1A4C591E1B}"
EndProject
Project("{2150E333-8FDC-42A3-9474-1A3956D46DE8}") = "Microservices", "Microservices", "{641E71DA-CD00-428D-A8E7-BC53F7C45745}"
EndProject
Project("{2150E333-8FDC-42A3-9474-1A3956D46DE8}") = "UsersMicroservice", "UsersMicroservice", "{08E6F5BB-09D0-4AA9-9A19-97C700AABED5}"
EndProject
Project("{2150E333-8FDC-42A3-9474-1A3956D46DE8}") = "ProductsMicroservice", "ProductsMicroservice", "{CD10B91D-F152-444C-A2FA-E46EEF9EDAE2}"
EndProject
Project("{FAE04EC0-301F-11D3-BF4B-00C04F79EFBC}") = "Products.API", "Products.API\Products.API.csproj", "{65CD77BF-26D7-4D4B-827F-3D6AE5CCEE70}"
EndProject
Project("{FAE04EC0-301F-11D3-BF4B-00C04F79EFBC}") = "Products.Domain", "Products.Domain\Products.Domain.csproj", "{4DF425C2-B6EB-4C9E-97AA-EDB064AEAEB0}"
EndProject
Project("{FAE04EC0-301F-11D3-BF4B-00C04F79EFBC}") = "Products.Infrastructure", "Products.Infrastructure\Products.Infrastructure.csproj", "{D4D91667-52B5-4B1D-B959-FB1883ED0F79}"
EndProject
Project("{FAE04EC0-301F-11D3-BF4B-00C04F79EFBC}") = "Users.API", "Users.API\Users.API.csproj", "{86079D62-C292-4924-A91D-834B0A23FCA7}"
EndProject
Project("{FAE04EC0-301F-11D3-BF4B-00C04F79EFBC}") = "Users.Domain", "Users.Domain\Users.Domain.csproj", "{9275837E-4E83-4D2F-AE06-8F07EAE0081B}"
EndProject
Project("{FAE04EC0-301F-11D3-BF4B-00C04F79EFBC}") = "Users.Infrastructure", "Users.Infrastructure\Users.Infrastructure.csproj", "{15479171-99F1-4F07-B3AC-584675D392F8}"
EndProject
Global
	GlobalSection(SolutionConfigurationPlatforms) = preSolution
		Debug|Any CPU = Debug|Any CPU
		Release|Any CPU = Release|Any CPU
	EndGlobalSection
	GlobalSection(ProjectConfigurationPlatforms) = postSolution
		{F91DA3A3-CBAC-4122-8602-FA1A4C591E1B}.Debug|Any CPU.ActiveCfg = Debug|Any CPU
		{F91DA3A3-CBAC-4122-8602-FA1A4C591E1B}.Debug|Any CPU.Build.0 = Debug|Any CPU
		{F91DA3A3-CBAC-4122-8602-FA1A4C591E1B}.Release|Any CPU.ActiveCfg = Release|Any CPU
		{F91DA3A3-CBAC-4122-8602-FA1A4C591E1B}.Release|Any CPU.Build.0 = Release|Any CPU
		{65CD77BF-26D7-4D4B-827F-3D6AE5CCEE70}.Debug|Any CPU.ActiveCfg = Debug|Any CPU
		{65CD77BF-26D7-4D4B-827F-3D6AE5CCEE70}.Debug|Any CPU.Build.0 = Debug|Any CPU
		{65CD77BF-26D7-4D4B-827F-3D6AE5CCEE70}.Release|Any CPU.ActiveCfg = Release|Any CPU
		{65CD77BF-26D7-4D4B-827F-3D6AE5CCEE70}.Release|Any CPU.Build.0 = Release|Any CPU
		{4DF425C2-B6EB-4C9E-97AA-EDB064AEAEB0}.Debug|Any CPU.ActiveCfg = Debug|Any CPU
		{4DF425C2-B6EB-4C9E-97AA-EDB064AEAEB0}.Debug|Any CPU.Build.0 = Debug|Any CPU
		{4DF425C2-B6EB-4C9E-97AA-EDB064AEAEB0}.Release|Any CPU.ActiveCfg = Release|Any CPU
		{4DF425C2-B6EB-4C9E-97AA-EDB064AEAEB0}.Release|Any CPU.Build.0 = Release|Any CPU
		{D4D91667-52B5-4B1D-B959-FB1883ED0F79}.Debug|Any CPU.ActiveCfg = Debug|Any CPU
		{D4D91667-52B5-4B1D-B959-FB1883ED0F79}.Debug|Any CPU.Build.0 = Debug|Any CPU
		{D4D91667-52B5-4B1D-B959-FB1883ED0F79}.Release|Any CPU.ActiveCfg = Release|Any CPU
		{D4D91667-52B5-4B1D-B959-FB1883ED0F79}.Release|Any CPU.Build.0 = Release|Any CPU
		{86079D62-C292-4924-A91D-834B0A23FCA7}.Debug|Any CPU.ActiveCfg = Debug|Any CPU
		{86079D62-C292-4924-A91D-834B0A23FCA7}.Debug|Any CPU.Build.0 = Debug|Any CPU
		{86079D62-C292-4924-A91D-834B0A23FCA7}.Release|Any CPU.ActiveCfg = Release|Any CPU
		{86079D62-C292-4924-A91D-834B0A23FCA7}.Release|Any CPU.Build.0 = Release|Any CPU
		{9275837E-4E83-4D2F-AE06-8F07EAE0081B}.Debug|Any CPU.ActiveCfg = Debug|Any CPU
		{9275837E-4E83-4D2F-AE06-8F07EAE0081B}.Debug|Any CPU.Build.0 = Debug|Any CPU
		{9275837E-4E83-4D2F-AE06-8F07EAE0081B}.Release|Any CPU.ActiveCfg = Release|Any CPU
		{9275837E-4E83-4D2F-AE06-8F07EAE0081B}.Release|Any CPU.Build.0 = Release|Any CPU
		{15479171-99F1-4F07-B3AC-584675D392F8}.Debug|Any CPU.ActiveCfg = Debug|Any CPU
		{15479171-99F1-4F07-B3AC-584675D392F8}.Debug|Any CPU.Build.0 = Debug|Any CPU
		{15479171-99F1-4F07-B3AC-584675D392F8}.Release|Any CPU.ActiveCfg = Release|Any CPU
		{15479171-99F1-4F07-B3AC-584675D392F8}.Release|Any CPU.Build.0 = Release|Any CPU
	EndGlobalSection
	GlobalSection(NestedProjects) = preSolution
		{08E6F5BB-09D0-4AA9-9A19-97C700AABED5} = {641E71DA-CD00-428D-A8E7-BC53F7C45745}
		{CD10B91D-F152-444C-A2FA-E46EEF9EDAE2} = {641E71DA-CD00-428D-A8E7-BC53F7C45745}
		{65CD77BF-26D7-4D4B-827F-3D6AE5CCEE70} = {CD10B91D-F152-444C-A2FA-E46EEF9EDAE2}
		{4DF425C2-B6EB-4C9E-97AA-EDB064AEAEB0} = {CD10B91D-F152-444C-A2FA-E46EEF9EDAE2}
		{D4D91667-52B5-4B1D-B959-FB1883ED0F79} = {CD10B91D-F152-444C-A2FA-E46EEF9EDAE2}
		{86079D62-C292-4924-A91D-834B0A23FCA7} = {08E6F5BB-09D0-4AA9-9A19-97C700AABED5}
		{9275837E-4E83-4D2F-AE06-8F07EAE0081B} = {08E6F5BB-09D0-4AA9-9A19-97C700AABED5}
		{15479171-99F1-4F07-B3AC-584675D392F8} = {08E6F5BB-09D0-4AA9-9A19-97C700AABED5}
	EndGlobalSection
EndGlobal
